
Microsoft Visual Studio Solution File, Format Version 12.00
# Visual Studio Version 17
VisualStudioVersion = 17.4.33205.214
MinimumVisualStudioVersion = 10.0.40219.1
Project("{FAE04EC0-301F-11D3-BF4B-00C04F79EFBC}") = "PlaceholdersAPI", "PlaceholdersAPI\PlaceholdersAPI.csproj", "{F4E03DAF-E787-43D0-A294-FF634F3A8636}"
EndProject
Project("{FAE04EC0-301F-11D3-BF4B-00C04F79EFBC}") = "Placeholders", "Placeholders\Placeholders.csproj", "{B4C8CD6F-A856-40D3-8262-DC4CF1451F25}"
EndProject
Project("{FAE04EC0-301F-11D3-BF4B-00C04F79EFBC}") = "PlaceholdersTestsSecond", "PlaceholdersTestsSecond\PlaceholdersTestsSecond.csproj", "{79A6FC3F-7670-4CE1-8898-8C28843153B8}"
EndProject
Project("{FAE04EC0-301F-11D3-BF4B-00C04F79EFBC}") = "PlaceholdersTestsFirst", "PlaceholdersTestsFirst\PlaceholdersTestsFirst.csproj", "{97047E98-A05C-46A9-B729-20C4786DB5C6}"
EndProject
Global
	GlobalSection(SolutionConfigurationPlatforms) = preSolution
		Debug|Any CPU = Debug|Any CPU
		Release|Any CPU = Release|Any CPU
	EndGlobalSection
	GlobalSection(ProjectConfigurationPlatforms) = postSolution
		{F4E03DAF-E787-43D0-A294-FF634F3A8636}.Debug|Any CPU.ActiveCfg = Debug|Any CPU
		{F4E03DAF-E787-43D0-A294-FF634F3A8636}.Debug|Any CPU.Build.0 = Debug|Any CPU
		{F4E03DAF-E787-43D0-A294-FF634F3A8636}.Release|Any CPU.ActiveCfg = Release|Any CPU
		{F4E03DAF-E787-43D0-A294-FF634F3A8636}.Release|Any CPU.Build.0 = Release|Any CPU
		{B4C8CD6F-A856-40D3-8262-DC4CF1451F25}.Debug|Any CPU.ActiveCfg = Debug|Any CPU
		{B4C8CD6F-A856-40D3-8262-DC4CF1451F25}.Debug|Any CPU.Build.0 = Debug|Any CPU
		{B4C8CD6F-A856-40D3-8262-DC4CF1451F25}.Release|Any CPU.ActiveCfg = Release|Any CPU
		{B4C8CD6F-A856-40D3-8262-DC4CF1451F25}.Release|Any CPU.Build.0 = Release|Any CPU
		{79A6FC3F-7670-4CE1-8898-8C28843153B8}.Debug|Any CPU.ActiveCfg = Debug|Any CPU
		{79A6FC3F-7670-4CE1-8898-8C28843153B8}.Debug|Any CPU.Build.0 = Debug|Any CPU
		{79A6FC3F-7670-4CE1-8898-8C28843153B8}.Release|Any CPU.ActiveCfg = Release|Any CPU
		{79A6FC3F-7670-4CE1-8898-8C28843153B8}.Release|Any CPU.Build.0 = Release|Any CPU
		{97047E98-A05C-46A9-B729-20C4786DB5C6}.Debug|Any CPU.ActiveCfg = Debug|Any CPU
		{97047E98-A05C-46A9-B729-20C4786DB5C6}.Debug|Any CPU.Build.0 = Debug|Any CPU
		{97047E98-A05C-46A9-B729-20C4786DB5C6}.Release|Any CPU.ActiveCfg = Release|Any CPU
		{97047E98-A05C-46A9-B729-20C4786DB5C6}.Release|Any CPU.Build.0 = Release|Any CPU
	EndGlobalSection
	GlobalSection(SolutionProperties) = preSolution
		HideSolutionNode = FALSE
	EndGlobalSection
	GlobalSection(ExtensibilityGlobals) = postSolution
		SolutionGuid = {B9A869C7-1305-46C5-B818-ECA9737C7F8C}
	EndGlobalSection
EndGlobal
